// !$*UTF8*$!
{
	archiveVersion = 1;
	classes = {
	};
	objectVersion = 54;
	objects = {

/* Begin PBXBuildFile section */
		250F27A8297665C3001C3FB2 /* HeartRateMonitorListViewModel.swift in Sources */ = {isa = PBXBuildFile; fileRef = 250F27A7297665C3001C3FB2 /* HeartRateMonitorListViewModel.swift */; };
		250F27AB2976662E001C3FB2 /* HeartRateMonitorView.swift in Sources */ = {isa = PBXBuildFile; fileRef = 250F27AA2976662E001C3FB2 /* HeartRateMonitorView.swift */; };
		250F27AD297667BC001C3FB2 /* HeartRateMonitorViewModel.swift in Sources */ = {isa = PBXBuildFile; fileRef = 250F27AC297667BC001C3FB2 /* HeartRateMonitorViewModel.swift */; };
		250F27B02978A901001C3FB2 /* HeartRateMonitorTest.swift in Sources */ = {isa = PBXBuildFile; fileRef = 250F27AF2978A901001C3FB2 /* HeartRateMonitorTest.swift */; };
		250F27B329791E4A001C3FB2 /* EventBusMock.swift in Sources */ = {isa = PBXBuildFile; fileRef = 250F27B229791E4A001C3FB2 /* EventBusMock.swift */; };
		250F27BA297969D0001C3FB2 /* HeartRateMonitorViewTest.swift in Sources */ = {isa = PBXBuildFile; fileRef = 250F27B9297969D0001C3FB2 /* HeartRateMonitorViewTest.swift */; };
		250F27BF297A3D03001C3FB2 /* HeartRateMonitorListViewTest.swift in Sources */ = {isa = PBXBuildFile; fileRef = 250F27BE297A3D03001C3FB2 /* HeartRateMonitorListViewTest.swift */; };
		250F27C1297A5BBC001C3FB2 /* Inspection.swift in Sources */ = {isa = PBXBuildFile; fileRef = 250F27C0297A5BBC001C3FB2 /* Inspection.swift */; };
		250F27C3297A628E001C3FB2 /* View.swift in Sources */ = {isa = PBXBuildFile; fileRef = 250F27C2297A628E001C3FB2 /* View.swift */; };
		250F27C5297A64B0001C3FB2 /* Setup.swift in Sources */ = {isa = PBXBuildFile; fileRef = 250F27C4297A64B0001C3FB2 /* Setup.swift */; };
		25376654297F6E30008E3D8A /* BroadcastService.swift in Sources */ = {isa = PBXBuildFile; fileRef = 25376653297F6E30008E3D8A /* BroadcastService.swift */; };
		255E0562274BC79A00E1DE8A /* Preferences.swift in Sources */ = {isa = PBXBuildFile; fileRef = 255E0561274BC79A00E1DE8A /* Preferences.swift */; };
		2572B29E296E70AF006BEFE4 /* CalorieCounter.swift in Sources */ = {isa = PBXBuildFile; fileRef = 2572B29D296E70AF006BEFE4 /* CalorieCounter.swift */; };
		2572B2A1296E856F006BEFE4 /* Date.swift in Sources */ = {isa = PBXBuildFile; fileRef = 2572B2A0296E856F006BEFE4 /* Date.swift */; };
		2572B2A4296E8AA8006BEFE4 /* CalorieCounterTest.swift in Sources */ = {isa = PBXBuildFile; fileRef = 2572B2A3296E8AA8006BEFE4 /* CalorieCounterTest.swift */; };
		25C9E207275F4FF50034623C /* QRCode.swift in Sources */ = {isa = PBXBuildFile; fileRef = 25C9E206275F4FF50034623C /* QRCode.swift */; };
		25C9E2112763E52C0034623C /* Api.swift in Sources */ = {isa = PBXBuildFile; fileRef = 25C9E2102763E52C0034623C /* Api.swift */; };
		25D6E6292750298F0060F047 /* HeartRateMonitorListView.swift in Sources */ = {isa = PBXBuildFile; fileRef = 25D6E6282750298F0060F047 /* HeartRateMonitorListView.swift */; };
		25D6E62B27502A900060F047 /* SettingsView.swift in Sources */ = {isa = PBXBuildFile; fileRef = 25D6E62A27502A900060F047 /* SettingsView.swift */; };
		25EC05692970C2A7008D99E7 /* EventBus.swift in Sources */ = {isa = PBXBuildFile; fileRef = 25EC05682970C2A7008D99E7 /* EventBus.swift */; };
		25EC056C2970C4DC008D99E7 /* Notifications.swift in Sources */ = {isa = PBXBuildFile; fileRef = 25EC056B2970C4DC008D99E7 /* Notifications.swift */; };
		25EC056F297359B6008D99E7 /* BluetoothViewModelTest.swift in Sources */ = {isa = PBXBuildFile; fileRef = 25EC056E297359B6008D99E7 /* BluetoothViewModelTest.swift */; };
		25EC05752973DDD7008D99E7 /* HeartRateMonitor.swift in Sources */ = {isa = PBXBuildFile; fileRef = 25EC05742973DDD7008D99E7 /* HeartRateMonitor.swift */; };
		25F58FBF274A8B4000FCBDF1 /* EditSettingsView.swift in Sources */ = {isa = PBXBuildFile; fileRef = 25F58FBE274A8B4000FCBDF1 /* EditSettingsView.swift */; };
		3D085B732707630F007DEB5B /* HealthKit.framework in Frameworks */ = {isa = PBXBuildFile; fileRef = 3D085B722707630F007DEB5B /* HealthKit.framework */; };
		3D2072902C417E0000AF162B /* ProgrammableTimerView.swift in Sources */ = {isa = PBXBuildFile; fileRef = 3D20728F2C417E0000AF162B /* ProgrammableTimerView.swift */; };
		3D2072932C417E2C00AF162B /* ProgrammableTimer.swift in Sources */ = {isa = PBXBuildFile; fileRef = 3D2072922C417E2C00AF162B /* ProgrammableTimer.swift */; };
		3D2072952C418E1200AF162B /* alarm.wav in Resources */ = {isa = PBXBuildFile; fileRef = 3D2072942C418E1200AF162B /* alarm.wav */; };
		3D2072982C42370600AF162B /* NumberWheelView.swift in Sources */ = {isa = PBXBuildFile; fileRef = 3D2072972C42370600AF162B /* NumberWheelView.swift */; };
		3D2FB8A8272ABF64001C473D /* TrainingTest.swift in Sources */ = {isa = PBXBuildFile; fileRef = 3D2FB8A7272ABF64001C473D /* TrainingTest.swift */; };
		3D2FB8AB272ABFA3001C473D /* Training.swift in Sources */ = {isa = PBXBuildFile; fileRef = 3D2FB8AA272ABFA3001C473D /* Training.swift */; };
		3D2FB8AD272ABFEE001C473D /* HRSample.swift in Sources */ = {isa = PBXBuildFile; fileRef = 3D2FB8AC272ABFEE001C473D /* HRSample.swift */; };
		3D2FB8B2272C21B5001C473D /* Localizable.strings in Resources */ = {isa = PBXBuildFile; fileRef = 3D2FB8B4272C21B5001C473D /* Localizable.strings */; };
		3D34075327060FE10089E234 /* TrainingView.swift in Sources */ = {isa = PBXBuildFile; fileRef = 3D34075227060FE10089E234 /* TrainingView.swift */; };
		3D6B615E2C2C5A1C0087CAB3 /* ZoneTable.swift in Sources */ = {isa = PBXBuildFile; fileRef = 3D6B615D2C2C5A1C0087CAB3 /* ZoneTable.swift */; };
		3D757B232C46AC2A00B65E57 /* AudioService.swift in Sources */ = {isa = PBXBuildFile; fileRef = 3D757B222C46AC2A00B65E57 /* AudioService.swift */; };
		3D97E9242C9BDB23003E239D /* HeartRateMeasurementCharacteristic.swift in Sources */ = {isa = PBXBuildFile; fileRef = 3D97E9232C9BDB18003E239D /* HeartRateMeasurementCharacteristic.swift */; };
		3D98CB002C45865600159BAB /* RatioColon.swift in Sources */ = {isa = PBXBuildFile; fileRef = 3D98CAFF2C45865600159BAB /* RatioColon.swift */; };
		3D98CB022C458ADC00159BAB /* RoundsCountOverlayView.swift in Sources */ = {isa = PBXBuildFile; fileRef = 3D98CB012C458ADC00159BAB /* RoundsCountOverlayView.swift */; };
		3DCA80C82C2A74A7005D47B6 /* TrainingZone.swift in Sources */ = {isa = PBXBuildFile; fileRef = 3DCA80C72C2A74A7005D47B6 /* TrainingZone.swift */; };
		3DDD2DA22C2DA09D00375F21 /* SettingsViewModel.swift in Sources */ = {isa = PBXBuildFile; fileRef = 3DDD2DA12C2DA09D00375F21 /* SettingsViewModel.swift */; };
		3DE025A92C9AB101004E5BFC /* HeartRateMeasurementCharacteristicTest.swift in Sources */ = {isa = PBXBuildFile; fileRef = 3DE025A82C9AB0F0004E5BFC /* HeartRateMeasurementCharacteristicTest.swift */; };
		3DE025AF2C9AF097004E5BFC /* ViewInspector in Frameworks */ = {isa = PBXBuildFile; productRef = 3DE025AE2C9AF097004E5BFC /* ViewInspector */; };
		3DE3162A2C3EC48F00325781 /* TrainingTimer.swift in Sources */ = {isa = PBXBuildFile; fileRef = 3DE316292C3EC48F00325781 /* TrainingTimer.swift */; };
		3DE371FB26F4DC8700CC1F3F /* BlueEagleApp.swift in Sources */ = {isa = PBXBuildFile; fileRef = 3DE371FA26F4DC8700CC1F3F /* BlueEagleApp.swift */; };
		3DE371FD26F4DC8700CC1F3F /* ContentView.swift in Sources */ = {isa = PBXBuildFile; fileRef = 3DE371FC26F4DC8700CC1F3F /* ContentView.swift */; };
		3DE3720226F4DC8700CC1F3F /* Preview Assets.xcassets in Resources */ = {isa = PBXBuildFile; fileRef = 3DE3720126F4DC8700CC1F3F /* Preview Assets.xcassets */; };
		3DE3721826F4DC8800CC1F3F /* BlueEagleUITests.swift in Sources */ = {isa = PBXBuildFile; fileRef = 3DE3721726F4DC8800CC1F3F /* BlueEagleUITests.swift */; };
		3DE3722626FA076500CC1F3F /* BluetoothService.swift in Sources */ = {isa = PBXBuildFile; fileRef = 3DE3722526FA076500CC1F3F /* BluetoothService.swift */; };
		3DEB1EEA2C271348008281CD /* User.swift in Sources */ = {isa = PBXBuildFile; fileRef = 3DEB1EE92C271348008281CD /* User.swift */; };
		3DEB1EEC2C287BCA008281CD /* TrainingZoneViewModel.swift in Sources */ = {isa = PBXBuildFile; fileRef = 3DEB1EEB2C287BCA008281CD /* TrainingZoneViewModel.swift */; };
		3DEB1EF32C289245008281CD /* TrainingZoneViewTest.swift in Sources */ = {isa = PBXBuildFile; fileRef = 3DEB1EEF2C2888B0008281CD /* TrainingZoneViewTest.swift */; };
		3DF928DD272CCB7A007BF669 /* TrainingZoneView.swift in Sources */ = {isa = PBXBuildFile; fileRef = 3DF928DC272CCB7A007BF669 /* TrainingZoneView.swift */; };
		3DF928DF272CCCE4007BF669 /* TrainingStatsView.swift in Sources */ = {isa = PBXBuildFile; fileRef = 3DF928DE272CCCE4007BF669 /* TrainingStatsView.swift */; };
/* End PBXBuildFile section */

/* Begin PBXContainerItemProxy section */
		3DE3720926F4DC8800CC1F3F /* PBXContainerItemProxy */ = {
			isa = PBXContainerItemProxy;
			containerPortal = 3DE371EF26F4DC8700CC1F3F /* Project object */;
			proxyType = 1;
			remoteGlobalIDString = 3DE371F626F4DC8700CC1F3F;
			remoteInfo = BlueEagle;
		};
		3DE3721426F4DC8800CC1F3F /* PBXContainerItemProxy */ = {
			isa = PBXContainerItemProxy;
			containerPortal = 3DE371EF26F4DC8700CC1F3F /* Project object */;
			proxyType = 1;
			remoteGlobalIDString = 3DE371F626F4DC8700CC1F3F;
			remoteInfo = BlueEagle;
		};
/* End PBXContainerItemProxy section */

/* Begin PBXCopyFilesBuildPhase section */
		255E05A3274F46DD00E1DE8A /* Embed Watch Content */ = {
			isa = PBXCopyFilesBuildPhase;
			buildActionMask = 2147483647;
			dstPath = "$(CONTENTS_FOLDER_PATH)/Watch";
			dstSubfolderSpec = 16;
			files = (
			);
			name = "Embed Watch Content";
			runOnlyForDeploymentPostprocessing = 0;
		};
/* End PBXCopyFilesBuildPhase section */

/* Begin PBXFileReference section */
		250F27A7297665C3001C3FB2 /* HeartRateMonitorListViewModel.swift */ = {isa = PBXFileReference; lastKnownFileType = sourcecode.swift; path = HeartRateMonitorListViewModel.swift; sourceTree = "<group>"; };
		250F27AA2976662E001C3FB2 /* HeartRateMonitorView.swift */ = {isa = PBXFileReference; lastKnownFileType = sourcecode.swift; path = HeartRateMonitorView.swift; sourceTree = "<group>"; };
		250F27AC297667BC001C3FB2 /* HeartRateMonitorViewModel.swift */ = {isa = PBXFileReference; lastKnownFileType = sourcecode.swift; path = HeartRateMonitorViewModel.swift; sourceTree = "<group>"; };
		250F27AF2978A901001C3FB2 /* HeartRateMonitorTest.swift */ = {isa = PBXFileReference; lastKnownFileType = sourcecode.swift; path = HeartRateMonitorTest.swift; sourceTree = "<group>"; };
		250F27B229791E4A001C3FB2 /* EventBusMock.swift */ = {isa = PBXFileReference; lastKnownFileType = sourcecode.swift; path = EventBusMock.swift; sourceTree = "<group>"; };
		250F27B9297969D0001C3FB2 /* HeartRateMonitorViewTest.swift */ = {isa = PBXFileReference; lastKnownFileType = sourcecode.swift; path = HeartRateMonitorViewTest.swift; sourceTree = "<group>"; };
		250F27BE297A3D03001C3FB2 /* HeartRateMonitorListViewTest.swift */ = {isa = PBXFileReference; lastKnownFileType = sourcecode.swift; path = HeartRateMonitorListViewTest.swift; sourceTree = "<group>"; };
		250F27C0297A5BBC001C3FB2 /* Inspection.swift */ = {isa = PBXFileReference; lastKnownFileType = sourcecode.swift; path = Inspection.swift; sourceTree = "<group>"; };
		250F27C2297A628E001C3FB2 /* View.swift */ = {isa = PBXFileReference; lastKnownFileType = sourcecode.swift; path = View.swift; sourceTree = "<group>"; };
		250F27C4297A64B0001C3FB2 /* Setup.swift */ = {isa = PBXFileReference; lastKnownFileType = sourcecode.swift; path = Setup.swift; sourceTree = "<group>"; };
		25376653297F6E30008E3D8A /* BroadcastService.swift */ = {isa = PBXFileReference; lastKnownFileType = sourcecode.swift; path = BroadcastService.swift; sourceTree = "<group>"; };
		255E0561274BC79A00E1DE8A /* Preferences.swift */ = {isa = PBXFileReference; lastKnownFileType = sourcecode.swift; path = Preferences.swift; sourceTree = "<group>"; };
		2572B29D296E70AF006BEFE4 /* CalorieCounter.swift */ = {isa = PBXFileReference; fileEncoding = 4; lastKnownFileType = sourcecode.swift; path = CalorieCounter.swift; sourceTree = "<group>"; };
		2572B2A0296E856F006BEFE4 /* Date.swift */ = {isa = PBXFileReference; lastKnownFileType = sourcecode.swift; path = Date.swift; sourceTree = "<group>"; };
		2572B2A3296E8AA8006BEFE4 /* CalorieCounterTest.swift */ = {isa = PBXFileReference; lastKnownFileType = sourcecode.swift; path = CalorieCounterTest.swift; sourceTree = "<group>"; };
		25C9E206275F4FF50034623C /* QRCode.swift */ = {isa = PBXFileReference; lastKnownFileType = sourcecode.swift; path = QRCode.swift; sourceTree = "<group>"; };
		25C9E2102763E52C0034623C /* Api.swift */ = {isa = PBXFileReference; lastKnownFileType = sourcecode.swift; path = Api.swift; sourceTree = "<group>"; };
		25D6E6282750298F0060F047 /* HeartRateMonitorListView.swift */ = {isa = PBXFileReference; lastKnownFileType = sourcecode.swift; path = HeartRateMonitorListView.swift; sourceTree = "<group>"; };
		25D6E62A27502A900060F047 /* SettingsView.swift */ = {isa = PBXFileReference; lastKnownFileType = sourcecode.swift; path = SettingsView.swift; sourceTree = "<group>"; };
		25EC05682970C2A7008D99E7 /* EventBus.swift */ = {isa = PBXFileReference; lastKnownFileType = sourcecode.swift; path = EventBus.swift; sourceTree = "<group>"; };
		25EC056B2970C4DC008D99E7 /* Notifications.swift */ = {isa = PBXFileReference; lastKnownFileType = sourcecode.swift; path = Notifications.swift; sourceTree = "<group>"; };
		25EC056E297359B6008D99E7 /* BluetoothViewModelTest.swift */ = {isa = PBXFileReference; lastKnownFileType = sourcecode.swift; path = BluetoothViewModelTest.swift; sourceTree = "<group>"; };
		25EC05742973DDD7008D99E7 /* HeartRateMonitor.swift */ = {isa = PBXFileReference; lastKnownFileType = sourcecode.swift; path = HeartRateMonitor.swift; sourceTree = "<group>"; };
		25F58FBE274A8B4000FCBDF1 /* EditSettingsView.swift */ = {isa = PBXFileReference; lastKnownFileType = sourcecode.swift; path = EditSettingsView.swift; sourceTree = "<group>"; };
		3D085B702707630F007DEB5B /* BlueEagle.entitlements */ = {isa = PBXFileReference; lastKnownFileType = text.plist.entitlements; path = BlueEagle.entitlements; sourceTree = "<group>"; };
		3D085B722707630F007DEB5B /* HealthKit.framework */ = {isa = PBXFileReference; lastKnownFileType = wrapper.framework; name = HealthKit.framework; path = System/Library/Frameworks/HealthKit.framework; sourceTree = SDKROOT; };
		3D20728F2C417E0000AF162B /* ProgrammableTimerView.swift */ = {isa = PBXFileReference; lastKnownFileType = sourcecode.swift; path = ProgrammableTimerView.swift; sourceTree = "<group>"; };
		3D2072922C417E2C00AF162B /* ProgrammableTimer.swift */ = {isa = PBXFileReference; lastKnownFileType = sourcecode.swift; path = ProgrammableTimer.swift; sourceTree = "<group>"; };
		3D2072942C418E1200AF162B /* alarm.wav */ = {isa = PBXFileReference; lastKnownFileType = audio.wav; path = alarm.wav; sourceTree = "<group>"; };
		3D2072972C42370600AF162B /* NumberWheelView.swift */ = {isa = PBXFileReference; lastKnownFileType = sourcecode.swift; path = NumberWheelView.swift; sourceTree = "<group>"; };
		3D2FB8A7272ABF64001C473D /* TrainingTest.swift */ = {isa = PBXFileReference; lastKnownFileType = sourcecode.swift; path = TrainingTest.swift; sourceTree = "<group>"; };
		3D2FB8AA272ABFA3001C473D /* Training.swift */ = {isa = PBXFileReference; lastKnownFileType = sourcecode.swift; path = Training.swift; sourceTree = "<group>"; };
		3D2FB8AC272ABFEE001C473D /* HRSample.swift */ = {isa = PBXFileReference; lastKnownFileType = sourcecode.swift; path = HRSample.swift; sourceTree = "<group>"; };
		3D2FB8B3272C21B5001C473D /* ja */ = {isa = PBXFileReference; lastKnownFileType = text.plist.strings; name = ja; path = ja.lproj/Localizable.strings; sourceTree = "<group>"; };
		3D2FB8B5272C21BA001C473D /* en */ = {isa = PBXFileReference; lastKnownFileType = text.plist.strings; name = en; path = en.lproj/Localizable.strings; sourceTree = "<group>"; };
		3D34075227060FE10089E234 /* TrainingView.swift */ = {isa = PBXFileReference; lastKnownFileType = sourcecode.swift; path = TrainingView.swift; sourceTree = "<group>"; };
		3D6B615D2C2C5A1C0087CAB3 /* ZoneTable.swift */ = {isa = PBXFileReference; lastKnownFileType = sourcecode.swift; path = ZoneTable.swift; sourceTree = "<group>"; };
		3D757B222C46AC2A00B65E57 /* AudioService.swift */ = {isa = PBXFileReference; lastKnownFileType = sourcecode.swift; path = AudioService.swift; sourceTree = "<group>"; };
		3D97E9232C9BDB18003E239D /* HeartRateMeasurementCharacteristic.swift */ = {isa = PBXFileReference; lastKnownFileType = sourcecode.swift; path = HeartRateMeasurementCharacteristic.swift; sourceTree = "<group>"; };
		3D98CAFF2C45865600159BAB /* RatioColon.swift */ = {isa = PBXFileReference; lastKnownFileType = sourcecode.swift; path = RatioColon.swift; sourceTree = "<group>"; };
		3D98CB012C458ADC00159BAB /* RoundsCountOverlayView.swift */ = {isa = PBXFileReference; lastKnownFileType = sourcecode.swift; path = RoundsCountOverlayView.swift; sourceTree = "<group>"; };
		3DCA80C72C2A74A7005D47B6 /* TrainingZone.swift */ = {isa = PBXFileReference; lastKnownFileType = sourcecode.swift; path = TrainingZone.swift; sourceTree = "<group>"; };
		3DDD2DA12C2DA09D00375F21 /* SettingsViewModel.swift */ = {isa = PBXFileReference; lastKnownFileType = sourcecode.swift; path = SettingsViewModel.swift; sourceTree = "<group>"; };
		3DE025A82C9AB0F0004E5BFC /* HeartRateMeasurementCharacteristicTest.swift */ = {isa = PBXFileReference; lastKnownFileType = sourcecode.swift; path = HeartRateMeasurementCharacteristicTest.swift; sourceTree = "<group>"; };
		3DE316292C3EC48F00325781 /* TrainingTimer.swift */ = {isa = PBXFileReference; lastKnownFileType = sourcecode.swift; path = TrainingTimer.swift; sourceTree = "<group>"; };
		3DE371F726F4DC8700CC1F3F /* BlueEagle.app */ = {isa = PBXFileReference; explicitFileType = wrapper.application; includeInIndex = 0; path = BlueEagle.app; sourceTree = BUILT_PRODUCTS_DIR; };
		3DE371FA26F4DC8700CC1F3F /* BlueEagleApp.swift */ = {isa = PBXFileReference; lastKnownFileType = sourcecode.swift; path = BlueEagleApp.swift; sourceTree = "<group>"; };
		3DE371FC26F4DC8700CC1F3F /* ContentView.swift */ = {isa = PBXFileReference; lastKnownFileType = sourcecode.swift; path = ContentView.swift; sourceTree = "<group>"; };
		3DE3720126F4DC8700CC1F3F /* Preview Assets.xcassets */ = {isa = PBXFileReference; lastKnownFileType = folder.assetcatalog; name = "Preview Assets.xcassets"; path = "BlueEagle/Preview Content/Preview Assets.xcassets"; sourceTree = SOURCE_ROOT; };
		3DE3720326F4DC8700CC1F3F /* Info.plist */ = {isa = PBXFileReference; lastKnownFileType = text.plist.xml; path = Info.plist; sourceTree = "<group>"; };
		3DE3720826F4DC8800CC1F3F /* BlueEagleTests.xctest */ = {isa = PBXFileReference; explicitFileType = wrapper.cfbundle; includeInIndex = 0; path = BlueEagleTests.xctest; sourceTree = BUILT_PRODUCTS_DIR; };
		3DE3720E26F4DC8800CC1F3F /* Info.plist */ = {isa = PBXFileReference; lastKnownFileType = text.plist.xml; path = Info.plist; sourceTree = "<group>"; };
		3DE3721326F4DC8800CC1F3F /* BlueEagleUITests.xctest */ = {isa = PBXFileReference; explicitFileType = wrapper.cfbundle; includeInIndex = 0; path = BlueEagleUITests.xctest; sourceTree = BUILT_PRODUCTS_DIR; };
		3DE3721726F4DC8800CC1F3F /* BlueEagleUITests.swift */ = {isa = PBXFileReference; lastKnownFileType = sourcecode.swift; path = BlueEagleUITests.swift; sourceTree = "<group>"; };
		3DE3721926F4DC8800CC1F3F /* Info.plist */ = {isa = PBXFileReference; lastKnownFileType = text.plist.xml; path = Info.plist; sourceTree = "<group>"; };
		3DE3722526FA076500CC1F3F /* BluetoothService.swift */ = {isa = PBXFileReference; lastKnownFileType = sourcecode.swift; path = BluetoothService.swift; sourceTree = "<group>"; };
		3DEB1EE92C271348008281CD /* User.swift */ = {isa = PBXFileReference; lastKnownFileType = sourcecode.swift; path = User.swift; sourceTree = "<group>"; };
		3DEB1EEB2C287BCA008281CD /* TrainingZoneViewModel.swift */ = {isa = PBXFileReference; lastKnownFileType = sourcecode.swift; path = TrainingZoneViewModel.swift; sourceTree = "<group>"; };
		3DEB1EEF2C2888B0008281CD /* TrainingZoneViewTest.swift */ = {isa = PBXFileReference; lastKnownFileType = sourcecode.swift; path = TrainingZoneViewTest.swift; sourceTree = "<group>"; };
		3DF928DC272CCB7A007BF669 /* TrainingZoneView.swift */ = {isa = PBXFileReference; lastKnownFileType = sourcecode.swift; path = TrainingZoneView.swift; sourceTree = "<group>"; };
		3DF928DE272CCCE4007BF669 /* TrainingStatsView.swift */ = {isa = PBXFileReference; lastKnownFileType = sourcecode.swift; path = TrainingStatsView.swift; sourceTree = "<group>"; };
/* End PBXFileReference section */

/* Begin PBXFrameworksBuildPhase section */
		3DE371F426F4DC8700CC1F3F /* Frameworks */ = {
			isa = PBXFrameworksBuildPhase;
			buildActionMask = 2147483647;
			files = (
				3D085B732707630F007DEB5B /* HealthKit.framework in Frameworks */,
			);
			runOnlyForDeploymentPostprocessing = 0;
		};
		3DE3720526F4DC8800CC1F3F /* Frameworks */ = {
			isa = PBXFrameworksBuildPhase;
			buildActionMask = 2147483647;
			files = (
				3DE025AF2C9AF097004E5BFC /* ViewInspector in Frameworks */,
			);
			runOnlyForDeploymentPostprocessing = 0;
		};
		3DE3721026F4DC8800CC1F3F /* Frameworks */ = {
			isa = PBXFrameworksBuildPhase;
			buildActionMask = 2147483647;
			files = (
			);
			runOnlyForDeploymentPostprocessing = 0;
		};
/* End PBXFrameworksBuildPhase section */

/* Begin PBXGroup section */
		250F27A529766591001C3FB2 /* Screens */ = {
			isa = PBXGroup;
			children = (
				3D34075227060FE10089E234 /* TrainingView.swift */,
			);
			path = Screens;
			sourceTree = "<group>";
		};
		250F27A929766610001C3FB2 /* Components */ = {
			isa = PBXGroup;
			children = (
				3D2072962C4236F000AF162B /* NumberWheel */,
				3D2072912C417E0F00AF162B /* ProgramableTimer */,
				3DCA80C62C2A737C005D47B6 /* HeartRateMonitor */,
				3DCA80C52C2A7357005D47B6 /* HeartRateMonitorList */,
				3DCA80C42C2A7313005D47B6 /* TrainingZone */,
				25C9E206275F4FF50034623C /* QRCode.swift */,
				3DF928DE272CCCE4007BF669 /* TrainingStatsView.swift */,
				3D6B615D2C2C5A1C0087CAB3 /* ZoneTable.swift */,
			);
			path = Components;
			sourceTree = "<group>";
		};
		250F27AE2978A8E0001C3FB2 /* Models */ = {
			isa = PBXGroup;
			children = (
				250F27AF2978A901001C3FB2 /* HeartRateMonitorTest.swift */,
			);
			path = Models;
			sourceTree = "<group>";
		};
		250F27B129791E39001C3FB2 /* Mocks */ = {
			isa = PBXGroup;
			children = (
				250F27B229791E4A001C3FB2 /* EventBusMock.swift */,
			);
			path = Mocks;
			sourceTree = "<group>";
		};
		250F27B729796987001C3FB2 /* UI */ = {
			isa = PBXGroup;
			children = (
				250F27B8297969A6001C3FB2 /* Components */,
			);
			path = UI;
			sourceTree = "<group>";
		};
		250F27B8297969A6001C3FB2 /* Components */ = {
			isa = PBXGroup;
			children = (
				3DEB1EEF2C2888B0008281CD /* TrainingZoneViewTest.swift */,
				250F27B9297969D0001C3FB2 /* HeartRateMonitorViewTest.swift */,
				250F27BE297A3D03001C3FB2 /* HeartRateMonitorListViewTest.swift */,
			);
			path = Components;
			sourceTree = "<group>";
		};
		255E0560274BC78B00E1DE8A /* Preferences */ = {
			isa = PBXGroup;
			children = (
				255E0561274BC79A00E1DE8A /* Preferences.swift */,
			);
			path = Preferences;
			sourceTree = "<group>";
		};
		2572B29F296E855D006BEFE4 /* Core */ = {
			isa = PBXGroup;
			children = (
				25EC056A2970C4C9008D99E7 /* EventBus */,
				2572B2A0296E856F006BEFE4 /* Date.swift */,
				250F27C2297A628E001C3FB2 /* View.swift */,
			);
			path = Core;
			sourceTree = "<group>";
		};
		2572B2A2296E8A6E006BEFE4 /* Calories */ = {
			isa = PBXGroup;
			children = (
				2572B2A3296E8AA8006BEFE4 /* CalorieCounterTest.swift */,
			);
			path = Calories;
			sourceTree = "<group>";
		};
		25C9E201275E0F490034623C /* Calories */ = {
			isa = PBXGroup;
			children = (
				2572B29D296E70AF006BEFE4 /* CalorieCounter.swift */,
			);
			path = Calories;
			sourceTree = "<group>";
		};
		25C9E20F2763E51B0034623C /* API */ = {
			isa = PBXGroup;
			children = (
				25C9E2102763E52C0034623C /* Api.swift */,
			);
			path = API;
			sourceTree = "<group>";
		};
		25EC056A2970C4C9008D99E7 /* EventBus */ = {
			isa = PBXGroup;
			children = (
				25EC05682970C2A7008D99E7 /* EventBus.swift */,
				25EC056B2970C4DC008D99E7 /* Notifications.swift */,
			);
			path = EventBus;
			sourceTree = "<group>";
		};
		25EC056D2971239E008D99E7 /* Bluetooth */ = {
			isa = PBXGroup;
			children = (
				3DE025A82C9AB0F0004E5BFC /* HeartRateMeasurementCharacteristicTest.swift */,
				25EC056E297359B6008D99E7 /* BluetoothViewModelTest.swift */,
			);
			path = Bluetooth;
			sourceTree = "<group>";
		};
		25EC057629751A83008D99E7 /* UI */ = {
			isa = PBXGroup;
			children = (
				3DDD2DA02C2DA08500375F21 /* Settings */,
				250F27A929766610001C3FB2 /* Components */,
				250F27A529766591001C3FB2 /* Screens */,
			);
			path = UI;
			sourceTree = "<group>";
		};
		25EC057729753C3A008D99E7 /* Models */ = {
			isa = PBXGroup;
			children = (
				3D2FB8AC272ABFEE001C473D /* HRSample.swift */,
				3D2FB8AA272ABFA3001C473D /* Training.swift */,
				3D2072922C417E2C00AF162B /* ProgrammableTimer.swift */,
				25EC05742973DDD7008D99E7 /* HeartRateMonitor.swift */,
				3DEB1EE92C271348008281CD /* User.swift */,
				3DE316292C3EC48F00325781 /* TrainingTimer.swift */,
			);
			path = Models;
			sourceTree = "<group>";
		};
		25EC057829753C46008D99E7 /* Services */ = {
			isa = PBXGroup;
			children = (
				3D97E9222C9BDB0B003E239D /* bluetooth */,
				250F27C0297A5BBC001C3FB2 /* Inspection.swift */,
				25376653297F6E30008E3D8A /* BroadcastService.swift */,
				3D757B222C46AC2A00B65E57 /* AudioService.swift */,
			);
			path = Services;
			sourceTree = "<group>";
		};
		3D085B712707630F007DEB5B /* Frameworks */ = {
			isa = PBXGroup;
			children = (
				3D085B722707630F007DEB5B /* HealthKit.framework */,
			);
			name = Frameworks;
			sourceTree = "<group>";
		};
		3D2072912C417E0F00AF162B /* ProgramableTimer */ = {
			isa = PBXGroup;
			children = (
				3D20728F2C417E0000AF162B /* ProgrammableTimerView.swift */,
				3D98CAFF2C45865600159BAB /* RatioColon.swift */,
				3D98CB012C458ADC00159BAB /* RoundsCountOverlayView.swift */,
			);
			path = ProgramableTimer;
			sourceTree = "<group>";
		};
		3D2072962C4236F000AF162B /* NumberWheel */ = {
			isa = PBXGroup;
			children = (
				3D2072972C42370600AF162B /* NumberWheelView.swift */,
			);
			path = NumberWheel;
			sourceTree = "<group>";
		};
		3D97E9222C9BDB0B003E239D /* bluetooth */ = {
			isa = PBXGroup;
			children = (
				3D97E9232C9BDB18003E239D /* HeartRateMeasurementCharacteristic.swift */,
				3DE3722526FA076500CC1F3F /* BluetoothService.swift */,
			);
			path = bluetooth;
			sourceTree = "<group>";
		};
		3DCA80C42C2A7313005D47B6 /* TrainingZone */ = {
			isa = PBXGroup;
			children = (
				3DEB1EEB2C287BCA008281CD /* TrainingZoneViewModel.swift */,
				3DF928DC272CCB7A007BF669 /* TrainingZoneView.swift */,
			);
			path = TrainingZone;
			sourceTree = "<group>";
		};
		3DCA80C52C2A7357005D47B6 /* HeartRateMonitorList */ = {
			isa = PBXGroup;
			children = (
				250F27A7297665C3001C3FB2 /* HeartRateMonitorListViewModel.swift */,
				25D6E6282750298F0060F047 /* HeartRateMonitorListView.swift */,
			);
			path = HeartRateMonitorList;
			sourceTree = "<group>";
		};
		3DCA80C62C2A737C005D47B6 /* HeartRateMonitor */ = {
			isa = PBXGroup;
			children = (
				250F27AC297667BC001C3FB2 /* HeartRateMonitorViewModel.swift */,
				250F27AA2976662E001C3FB2 /* HeartRateMonitorView.swift */,
			);
			path = HeartRateMonitor;
			sourceTree = "<group>";
		};
		3DDD2D9B2C2D1CAD00375F21 /* Training */ = {
			isa = PBXGroup;
			children = (
				3DCA80C72C2A74A7005D47B6 /* TrainingZone.swift */,
			);
			path = Training;
			sourceTree = "<group>";
		};
		3DDD2DA02C2DA08500375F21 /* Settings */ = {
			isa = PBXGroup;
			children = (
				25D6E62A27502A900060F047 /* SettingsView.swift */,
				25F58FBE274A8B4000FCBDF1 /* EditSettingsView.swift */,
				3DDD2DA12C2DA09D00375F21 /* SettingsViewModel.swift */,
			);
			path = Settings;
			sourceTree = "<group>";
		};
		3DE371EE26F4DC8700CC1F3F = {
			isa = PBXGroup;
			children = (
				3D2072942C418E1200AF162B /* alarm.wav */,
				3D2FB8B4272C21B5001C473D /* Localizable.strings */,
				3DE371F926F4DC8700CC1F3F /* BlueEagle */,
				3DE3720B26F4DC8800CC1F3F /* BlueEagleTests */,
				3DE3721626F4DC8800CC1F3F /* BlueEagleUITests */,
				3DE371F826F4DC8700CC1F3F /* Products */,
				3D085B712707630F007DEB5B /* Frameworks */,
			);
			sourceTree = "<group>";
			tabWidth = 2;
			usesTabs = 0;
		};
		3DE371F826F4DC8700CC1F3F /* Products */ = {
			isa = PBXGroup;
			children = (
				3DE371F726F4DC8700CC1F3F /* BlueEagle.app */,
				3DE3720826F4DC8800CC1F3F /* BlueEagleTests.xctest */,
				3DE3721326F4DC8800CC1F3F /* BlueEagleUITests.xctest */,
			);
			name = Products;
			sourceTree = "<group>";
		};
		3DE371F926F4DC8700CC1F3F /* BlueEagle */ = {
			isa = PBXGroup;
			children = (
				3DDD2D9B2C2D1CAD00375F21 /* Training */,
				25EC057829753C46008D99E7 /* Services */,
				25EC057729753C3A008D99E7 /* Models */,
				25EC057629751A83008D99E7 /* UI */,
				2572B29F296E855D006BEFE4 /* Core */,
				25C9E20F2763E51B0034623C /* API */,
				25C9E201275E0F490034623C /* Calories */,
				255E0560274BC78B00E1DE8A /* Preferences */,
				3D085B702707630F007DEB5B /* BlueEagle.entitlements */,
				3DE371FA26F4DC8700CC1F3F /* BlueEagleApp.swift */,
				3DE371FC26F4DC8700CC1F3F /* ContentView.swift */,
				3DE3720326F4DC8700CC1F3F /* Info.plist */,
				3DE3720026F4DC8700CC1F3F /* Preview Content */,
			);
			path = BlueEagle;
			sourceTree = "<group>";
		};
		3DE3720026F4DC8700CC1F3F /* Preview Content */ = {
			isa = PBXGroup;
			children = (
				3DE3720126F4DC8700CC1F3F /* Preview Assets.xcassets */,
			);
			path = "Preview Content";
			sourceTree = "<group>";
		};
		3DE3720B26F4DC8800CC1F3F /* BlueEagleTests */ = {
			isa = PBXGroup;
			children = (
				250F27B729796987001C3FB2 /* UI */,
				250F27B129791E39001C3FB2 /* Mocks */,
				250F27AE2978A8E0001C3FB2 /* Models */,
				25EC056D2971239E008D99E7 /* Bluetooth */,
				2572B2A2296E8A6E006BEFE4 /* Calories */,
				3DE3720E26F4DC8800CC1F3F /* Info.plist */,
				3D2FB8A7272ABF64001C473D /* TrainingTest.swift */,
				250F27C4297A64B0001C3FB2 /* Setup.swift */,
			);
			path = BlueEagleTests;
			sourceTree = "<group>";
		};
		3DE3721626F4DC8800CC1F3F /* BlueEagleUITests */ = {
			isa = PBXGroup;
			children = (
				3DE3721726F4DC8800CC1F3F /* BlueEagleUITests.swift */,
				3DE3721926F4DC8800CC1F3F /* Info.plist */,
			);
			path = BlueEagleUITests;
			sourceTree = "<group>";
		};
/* End PBXGroup section */

/* Begin PBXNativeTarget section */
		3DE371F626F4DC8700CC1F3F /* BlueEagle */ = {
			isa = PBXNativeTarget;
			buildConfigurationList = 3DE3721C26F4DC8800CC1F3F /* Build configuration list for PBXNativeTarget "BlueEagle" */;
			buildPhases = (
				3DE371F326F4DC8700CC1F3F /* Sources */,
				3DE371F426F4DC8700CC1F3F /* Frameworks */,
				3DE371F526F4DC8700CC1F3F /* Resources */,
				255E05A3274F46DD00E1DE8A /* Embed Watch Content */,
			);
			buildRules = (
			);
			dependencies = (
			);
			name = BlueEagle;
			productName = BlueEagle;
			productReference = 3DE371F726F4DC8700CC1F3F /* BlueEagle.app */;
			productType = "com.apple.product-type.application";
		};
		3DE3720726F4DC8800CC1F3F /* BlueEagleTests */ = {
			isa = PBXNativeTarget;
			buildConfigurationList = 3DE3721F26F4DC8800CC1F3F /* Build configuration list for PBXNativeTarget "BlueEagleTests" */;
			buildPhases = (
				3DE3720426F4DC8800CC1F3F /* Sources */,
				3DE3720526F4DC8800CC1F3F /* Frameworks */,
				3DE3720626F4DC8800CC1F3F /* Resources */,
			);
			buildRules = (
			);
			dependencies = (
				3DE3720A26F4DC8800CC1F3F /* PBXTargetDependency */,
			);
			name = BlueEagleTests;
			packageProductDependencies = (
				3DE025AE2C9AF097004E5BFC /* ViewInspector */,
			);
			productName = BlueEagleTests;
			productReference = 3DE3720826F4DC8800CC1F3F /* BlueEagleTests.xctest */;
			productType = "com.apple.product-type.bundle.unit-test";
		};
		3DE3721226F4DC8800CC1F3F /* BlueEagleUITests */ = {
			isa = PBXNativeTarget;
			buildConfigurationList = 3DE3722226F4DC8800CC1F3F /* Build configuration list for PBXNativeTarget "BlueEagleUITests" */;
			buildPhases = (
				3DE3720F26F4DC8800CC1F3F /* Sources */,
				3DE3721026F4DC8800CC1F3F /* Frameworks */,
				3DE3721126F4DC8800CC1F3F /* Resources */,
			);
			buildRules = (
			);
			dependencies = (
				3DE3721526F4DC8800CC1F3F /* PBXTargetDependency */,
			);
			name = BlueEagleUITests;
			packageProductDependencies = (
			);
			productName = BlueEagleUITests;
			productReference = 3DE3721326F4DC8800CC1F3F /* BlueEagleUITests.xctest */;
			productType = "com.apple.product-type.bundle.ui-testing";
		};
/* End PBXNativeTarget section */

/* Begin PBXProject section */
		3DE371EF26F4DC8700CC1F3F /* Project object */ = {
			isa = PBXProject;
			attributes = {
				BuildIndependentTargetsInParallel = YES;
				LastSwiftUpdateCheck = 1310;
				LastUpgradeCheck = 1600;
				TargetAttributes = {
					3DE371F626F4DC8700CC1F3F = {
						CreatedOnToolsVersion = 12.5.1;
					};
					3DE3720726F4DC8800CC1F3F = {
						CreatedOnToolsVersion = 12.5.1;
						LastSwiftMigration = 1540;
						TestTargetID = 3DE371F626F4DC8700CC1F3F;
					};
					3DE3721226F4DC8800CC1F3F = {
						CreatedOnToolsVersion = 12.5.1;
						TestTargetID = 3DE371F626F4DC8700CC1F3F;
					};
				};
			};
			buildConfigurationList = 3DE371F226F4DC8700CC1F3F /* Build configuration list for PBXProject "BlueEagle" */;
			compatibilityVersion = "Xcode 9.3";
			developmentRegion = en;
			hasScannedForEncodings = 0;
			knownRegions = (
				en,
				Base,
				ja,
			);
			mainGroup = 3DE371EE26F4DC8700CC1F3F;
			packageReferences = (
				3DE025AD2C9AEFFC004E5BFC /* XCRemoteSwiftPackageReference "ViewInspector" */,
			);
			productRefGroup = 3DE371F826F4DC8700CC1F3F /* Products */;
			projectDirPath = "";
			projectRoot = "";
			targets = (
				3DE371F626F4DC8700CC1F3F /* BlueEagle */,
				3DE3720726F4DC8800CC1F3F /* BlueEagleTests */,
				3DE3721226F4DC8800CC1F3F /* BlueEagleUITests */,
			);
		};
/* End PBXProject section */

/* Begin PBXResourcesBuildPhase section */
		3DE371F526F4DC8700CC1F3F /* Resources */ = {
			isa = PBXResourcesBuildPhase;
			buildActionMask = 2147483647;
			files = (
				3DE3720226F4DC8700CC1F3F /* Preview Assets.xcassets in Resources */,
				3D2FB8B2272C21B5001C473D /* Localizable.strings in Resources */,
				3D2072952C418E1200AF162B /* alarm.wav in Resources */,
			);
			runOnlyForDeploymentPostprocessing = 0;
		};
		3DE3720626F4DC8800CC1F3F /* Resources */ = {
			isa = PBXResourcesBuildPhase;
			buildActionMask = 2147483647;
			files = (
			);
			runOnlyForDeploymentPostprocessing = 0;
		};
		3DE3721126F4DC8800CC1F3F /* Resources */ = {
			isa = PBXResourcesBuildPhase;
			buildActionMask = 2147483647;
			files = (
			);
			runOnlyForDeploymentPostprocessing = 0;
		};
/* End PBXResourcesBuildPhase section */

/* Begin PBXSourcesBuildPhase section */
		3DE371F326F4DC8700CC1F3F /* Sources */ = {
			isa = PBXSourcesBuildPhase;
			buildActionMask = 2147483647;
			files = (
				3DE371FD26F4DC8700CC1F3F /* ContentView.swift in Sources */,
				3D2072982C42370600AF162B /* NumberWheelView.swift in Sources */,
				25D6E6292750298F0060F047 /* HeartRateMonitorListView.swift in Sources */,
				25EC056C2970C4DC008D99E7 /* Notifications.swift in Sources */,
				3D97E9242C9BDB23003E239D /* HeartRateMeasurementCharacteristic.swift in Sources */,
				25EC05692970C2A7008D99E7 /* EventBus.swift in Sources */,
				3DEB1EEA2C271348008281CD /* User.swift in Sources */,
				3DF928DD272CCB7A007BF669 /* TrainingZoneView.swift in Sources */,
				3DF928DF272CCCE4007BF669 /* TrainingStatsView.swift in Sources */,
				3D757B232C46AC2A00B65E57 /* AudioService.swift in Sources */,
				2572B29E296E70AF006BEFE4 /* CalorieCounter.swift in Sources */,
				3DDD2DA22C2DA09D00375F21 /* SettingsViewModel.swift in Sources */,
				3D98CB022C458ADC00159BAB /* RoundsCountOverlayView.swift in Sources */,
				3DE3162A2C3EC48F00325781 /* TrainingTimer.swift in Sources */,
				2572B2A1296E856F006BEFE4 /* Date.swift in Sources */,
				3D2072932C417E2C00AF162B /* ProgrammableTimer.swift in Sources */,
				3D2FB8AB272ABFA3001C473D /* Training.swift in Sources */,
				25EC05752973DDD7008D99E7 /* HeartRateMonitor.swift in Sources */,
				25C9E207275F4FF50034623C /* QRCode.swift in Sources */,
				25F58FBF274A8B4000FCBDF1 /* EditSettingsView.swift in Sources */,
				250F27C3297A628E001C3FB2 /* View.swift in Sources */,
				3D6B615E2C2C5A1C0087CAB3 /* ZoneTable.swift in Sources */,
				3D34075327060FE10089E234 /* TrainingView.swift in Sources */,
				3DE3722626FA076500CC1F3F /* BluetoothService.swift in Sources */,
				3D2FB8AD272ABFEE001C473D /* HRSample.swift in Sources */,
				250F27C1297A5BBC001C3FB2 /* Inspection.swift in Sources */,
				250F27AD297667BC001C3FB2 /* HeartRateMonitorViewModel.swift in Sources */,
				250F27AB2976662E001C3FB2 /* HeartRateMonitorView.swift in Sources */,
				3DCA80C82C2A74A7005D47B6 /* TrainingZone.swift in Sources */,
				3D98CB002C45865600159BAB /* RatioColon.swift in Sources */,
				255E0562274BC79A00E1DE8A /* Preferences.swift in Sources */,
				250F27A8297665C3001C3FB2 /* HeartRateMonitorListViewModel.swift in Sources */,
				3DEB1EEC2C287BCA008281CD /* TrainingZoneViewModel.swift in Sources */,
				3D2072902C417E0000AF162B /* ProgrammableTimerView.swift in Sources */,
				25376654297F6E30008E3D8A /* BroadcastService.swift in Sources */,
				3DE371FB26F4DC8700CC1F3F /* BlueEagleApp.swift in Sources */,
				25D6E62B27502A900060F047 /* SettingsView.swift in Sources */,
				25C9E2112763E52C0034623C /* Api.swift in Sources */,
			);
			runOnlyForDeploymentPostprocessing = 0;
		};
		3DE3720426F4DC8800CC1F3F /* Sources */ = {
			isa = PBXSourcesBuildPhase;
			buildActionMask = 2147483647;
			files = (
				3DE025A92C9AB101004E5BFC /* HeartRateMeasurementCharacteristicTest.swift in Sources */,
				250F27BA297969D0001C3FB2 /* HeartRateMonitorViewTest.swift in Sources */,
				3DEB1EF32C289245008281CD /* TrainingZoneViewTest.swift in Sources */,
				2572B2A4296E8AA8006BEFE4 /* CalorieCounterTest.swift in Sources */,
				250F27B02978A901001C3FB2 /* HeartRateMonitorTest.swift in Sources */,
				25EC056F297359B6008D99E7 /* BluetoothViewModelTest.swift in Sources */,
				3D2FB8A8272ABF64001C473D /* TrainingTest.swift in Sources */,
				250F27B329791E4A001C3FB2 /* EventBusMock.swift in Sources */,
				250F27BF297A3D03001C3FB2 /* HeartRateMonitorListViewTest.swift in Sources */,
				250F27C5297A64B0001C3FB2 /* Setup.swift in Sources */,
			);
			runOnlyForDeploymentPostprocessing = 0;
		};
		3DE3720F26F4DC8800CC1F3F /* Sources */ = {
			isa = PBXSourcesBuildPhase;
			buildActionMask = 2147483647;
			files = (
				3DE3721826F4DC8800CC1F3F /* BlueEagleUITests.swift in Sources */,
			);
			runOnlyForDeploymentPostprocessing = 0;
		};
/* End PBXSourcesBuildPhase section */

/* Begin PBXTargetDependency section */
		3DE3720A26F4DC8800CC1F3F /* PBXTargetDependency */ = {
			isa = PBXTargetDependency;
			target = 3DE371F626F4DC8700CC1F3F /* BlueEagle */;
			targetProxy = 3DE3720926F4DC8800CC1F3F /* PBXContainerItemProxy */;
		};
		3DE3721526F4DC8800CC1F3F /* PBXTargetDependency */ = {
			isa = PBXTargetDependency;
			target = 3DE371F626F4DC8700CC1F3F /* BlueEagle */;
			targetProxy = 3DE3721426F4DC8800CC1F3F /* PBXContainerItemProxy */;
		};
/* End PBXTargetDependency section */

/* Begin PBXVariantGroup section */
		3D2FB8B4272C21B5001C473D /* Localizable.strings */ = {
			isa = PBXVariantGroup;
			children = (
				3D2FB8B3272C21B5001C473D /* ja */,
				3D2FB8B5272C21BA001C473D /* en */,
			);
			name = Localizable.strings;
			sourceTree = "<group>";
		};
/* End PBXVariantGroup section */

/* Begin XCBuildConfiguration section */
		3DE3721A26F4DC8800CC1F3F /* Debug */ = {
			isa = XCBuildConfiguration;
			buildSettings = {
				ALWAYS_SEARCH_USER_PATHS = NO;
				CLANG_ANALYZER_LOCALIZABILITY_NONLOCALIZED = YES;
				CLANG_ANALYZER_NONNULL = YES;
				CLANG_ANALYZER_NUMBER_OBJECT_CONVERSION = YES_AGGRESSIVE;
				CLANG_CXX_LANGUAGE_STANDARD = "gnu++14";
				CLANG_CXX_LIBRARY = "libc++";
				CLANG_ENABLE_MODULES = YES;
				CLANG_ENABLE_OBJC_ARC = YES;
				CLANG_ENABLE_OBJC_WEAK = YES;
				CLANG_WARN_BLOCK_CAPTURE_AUTORELEASING = YES;
				CLANG_WARN_BOOL_CONVERSION = YES;
				CLANG_WARN_COMMA = YES;
				CLANG_WARN_CONSTANT_CONVERSION = YES;
				CLANG_WARN_DEPRECATED_OBJC_IMPLEMENTATIONS = YES;
				CLANG_WARN_DIRECT_OBJC_ISA_USAGE = YES_ERROR;
				CLANG_WARN_DOCUMENTATION_COMMENTS = YES;
				CLANG_WARN_EMPTY_BODY = YES;
				CLANG_WARN_ENUM_CONVERSION = YES;
				CLANG_WARN_INFINITE_RECURSION = YES;
				CLANG_WARN_INT_CONVERSION = YES;
				CLANG_WARN_NON_LITERAL_NULL_CONVERSION = YES;
				CLANG_WARN_OBJC_IMPLICIT_RETAIN_SELF = YES;
				CLANG_WARN_OBJC_LITERAL_CONVERSION = YES;
				CLANG_WARN_OBJC_ROOT_CLASS = YES_ERROR;
				CLANG_WARN_QUOTED_INCLUDE_IN_FRAMEWORK_HEADER = YES;
				CLANG_WARN_RANGE_LOOP_ANALYSIS = YES;
				CLANG_WARN_STRICT_PROTOTYPES = YES;
				CLANG_WARN_SUSPICIOUS_MOVE = YES;
				CLANG_WARN_UNGUARDED_AVAILABILITY = YES_AGGRESSIVE;
				CLANG_WARN_UNREACHABLE_CODE = YES;
				CLANG_WARN__DUPLICATE_METHOD_MATCH = YES;
				COPY_PHASE_STRIP = NO;
				DEBUG_INFORMATION_FORMAT = dwarf;
				ENABLE_STRICT_OBJC_MSGSEND = YES;
				ENABLE_TESTABILITY = YES;
				ENABLE_USER_SCRIPT_SANDBOXING = YES;
				GCC_C_LANGUAGE_STANDARD = gnu11;
				GCC_DYNAMIC_NO_PIC = NO;
				GCC_NO_COMMON_BLOCKS = YES;
				GCC_OPTIMIZATION_LEVEL = 0;
				GCC_PREPROCESSOR_DEFINITIONS = (
					"DEBUG=1",
					"$(inherited)",
				);
				GCC_WARN_64_TO_32_BIT_CONVERSION = YES;
				GCC_WARN_ABOUT_RETURN_TYPE = YES_ERROR;
				GCC_WARN_UNDECLARED_SELECTOR = YES;
				GCC_WARN_UNINITIALIZED_AUTOS = YES_AGGRESSIVE;
				GCC_WARN_UNUSED_FUNCTION = YES;
				GCC_WARN_UNUSED_VARIABLE = YES;
				IPHONEOS_DEPLOYMENT_TARGET = 17.0;
				MTL_ENABLE_DEBUG_INFO = INCLUDE_SOURCE;
				MTL_FAST_MATH = YES;
				ONLY_ACTIVE_ARCH = YES;
				SDKROOT = iphoneos;
				SWIFT_ACTIVE_COMPILATION_CONDITIONS = DEBUG;
				SWIFT_OPTIMIZATION_LEVEL = "-Onone";
				SWIFT_STRICT_CONCURRENCY = targeted;
				SWIFT_VERSION = 5.0;
			};
			name = Debug;
		};
		3DE3721B26F4DC8800CC1F3F /* Release */ = {
			isa = XCBuildConfiguration;
			buildSettings = {
				ALWAYS_SEARCH_USER_PATHS = NO;
				CLANG_ANALYZER_LOCALIZABILITY_NONLOCALIZED = YES;
				CLANG_ANALYZER_NONNULL = YES;
				CLANG_ANALYZER_NUMBER_OBJECT_CONVERSION = YES_AGGRESSIVE;
				CLANG_CXX_LANGUAGE_STANDARD = "gnu++14";
				CLANG_CXX_LIBRARY = "libc++";
				CLANG_ENABLE_MODULES = YES;
				CLANG_ENABLE_OBJC_ARC = YES;
				CLANG_ENABLE_OBJC_WEAK = YES;
				CLANG_WARN_BLOCK_CAPTURE_AUTORELEASING = YES;
				CLANG_WARN_BOOL_CONVERSION = YES;
				CLANG_WARN_COMMA = YES;
				CLANG_WARN_CONSTANT_CONVERSION = YES;
				CLANG_WARN_DEPRECATED_OBJC_IMPLEMENTATIONS = YES;
				CLANG_WARN_DIRECT_OBJC_ISA_USAGE = YES_ERROR;
				CLANG_WARN_DOCUMENTATION_COMMENTS = YES;
				CLANG_WARN_EMPTY_BODY = YES;
				CLANG_WARN_ENUM_CONVERSION = YES;
				CLANG_WARN_INFINITE_RECURSION = YES;
				CLANG_WARN_INT_CONVERSION = YES;
				CLANG_WARN_NON_LITERAL_NULL_CONVERSION = YES;
				CLANG_WARN_OBJC_IMPLICIT_RETAIN_SELF = YES;
				CLANG_WARN_OBJC_LITERAL_CONVERSION = YES;
				CLANG_WARN_OBJC_ROOT_CLASS = YES_ERROR;
				CLANG_WARN_QUOTED_INCLUDE_IN_FRAMEWORK_HEADER = YES;
				CLANG_WARN_RANGE_LOOP_ANALYSIS = YES;
				CLANG_WARN_STRICT_PROTOTYPES = YES;
				CLANG_WARN_SUSPICIOUS_MOVE = YES;
				CLANG_WARN_UNGUARDED_AVAILABILITY = YES_AGGRESSIVE;
				CLANG_WARN_UNREACHABLE_CODE = YES;
				CLANG_WARN__DUPLICATE_METHOD_MATCH = YES;
				COPY_PHASE_STRIP = NO;
				DEBUG_INFORMATION_FORMAT = "dwarf-with-dsym";
				ENABLE_NS_ASSERTIONS = NO;
				ENABLE_STRICT_OBJC_MSGSEND = YES;
				ENABLE_USER_SCRIPT_SANDBOXING = YES;
				GCC_C_LANGUAGE_STANDARD = gnu11;
				GCC_NO_COMMON_BLOCKS = YES;
				GCC_WARN_64_TO_32_BIT_CONVERSION = YES;
				GCC_WARN_ABOUT_RETURN_TYPE = YES_ERROR;
				GCC_WARN_UNDECLARED_SELECTOR = YES;
				GCC_WARN_UNINITIALIZED_AUTOS = YES_AGGRESSIVE;
				GCC_WARN_UNUSED_FUNCTION = YES;
				GCC_WARN_UNUSED_VARIABLE = YES;
				IPHONEOS_DEPLOYMENT_TARGET = 17.0;
				MTL_ENABLE_DEBUG_INFO = NO;
				MTL_FAST_MATH = YES;
				SDKROOT = iphoneos;
				SWIFT_COMPILATION_MODE = wholemodule;
				SWIFT_OPTIMIZATION_LEVEL = "-O";
				SWIFT_STRICT_CONCURRENCY = targeted;
				SWIFT_VERSION = 5.0;
				VALIDATE_PRODUCT = YES;
			};
			name = Release;
		};
		3DE3721D26F4DC8800CC1F3F /* Debug */ = {
			isa = XCBuildConfiguration;
			buildSettings = {
				ASSETCATALOG_COMPILER_APPICON_NAME = AppIcon;
				ASSETCATALOG_COMPILER_GLOBAL_ACCENT_COLOR_NAME = AccentColor;
				ASSETCATALOG_COMPILER_INCLUDE_ALL_APPICON_ASSETS = NO;
				CODE_SIGN_ENTITLEMENTS = BlueEagle/BlueEagle.entitlements;
				CODE_SIGN_STYLE = Automatic;
				DEVELOPMENT_ASSET_PATHS = "\"BlueEagle/Preview Content\"";
				DEVELOPMENT_TEAM = LK4ALGF966;
				ENABLE_PREVIEWS = YES;
				INFOPLIST_FILE = BlueEagle/Info.plist;
				INFOPLIST_KEY_CFBundleDisplayName = Silverback;
				INFOPLIST_KEY_LSApplicationCategoryType = "public.app-category.healthcare-fitness";
				IPHONEOS_DEPLOYMENT_TARGET = 17.0;
				LD_RUNPATH_SEARCH_PATHS = (
					"$(inherited)",
					"@executable_path/Frameworks",
				);
				PRODUCT_BUNDLE_IDENTIFIER = com.copios.BlueEagle;
				PRODUCT_NAME = "$(TARGET_NAME)";
				SUPPORTS_MACCATALYST = NO;
				SWIFT_VERSION = 5.0;
				TARGETED_DEVICE_FAMILY = 1;
			};
			name = Debug;
		};
		3DE3721E26F4DC8800CC1F3F /* Release */ = {
			isa = XCBuildConfiguration;
			buildSettings = {
				ASSETCATALOG_COMPILER_APPICON_NAME = AppIcon;
				ASSETCATALOG_COMPILER_GLOBAL_ACCENT_COLOR_NAME = AccentColor;
				ASSETCATALOG_COMPILER_INCLUDE_ALL_APPICON_ASSETS = NO;
				CODE_SIGN_ENTITLEMENTS = BlueEagle/BlueEagle.entitlements;
				CODE_SIGN_STYLE = Automatic;
				DEVELOPMENT_ASSET_PATHS = "\"BlueEagle/Preview Content\"";
				DEVELOPMENT_TEAM = LK4ALGF966;
				ENABLE_PREVIEWS = YES;
				INFOPLIST_FILE = BlueEagle/Info.plist;
				INFOPLIST_KEY_CFBundleDisplayName = Silverback;
				INFOPLIST_KEY_LSApplicationCategoryType = "public.app-category.healthcare-fitness";
				IPHONEOS_DEPLOYMENT_TARGET = 17.0;
				LD_RUNPATH_SEARCH_PATHS = (
					"$(inherited)",
					"@executable_path/Frameworks",
				);
				PRODUCT_BUNDLE_IDENTIFIER = com.copios.BlueEagle;
				PRODUCT_NAME = "$(TARGET_NAME)";
				SUPPORTS_MACCATALYST = NO;
				SWIFT_VERSION = 5.0;
				TARGETED_DEVICE_FAMILY = 1;
			};
			name = Release;
		};
		3DE3722026F4DC8800CC1F3F /* Debug */ = {
			isa = XCBuildConfiguration;
			buildSettings = {
				BUNDLE_LOADER = "$(TEST_HOST)";
				CLANG_ENABLE_MODULES = YES;
				CODE_SIGN_STYLE = Automatic;
				DEVELOPMENT_TEAM = LK4ALGF966;
				INFOPLIST_FILE = BlueEagleTests/Info.plist;
				IPHONEOS_DEPLOYMENT_TARGET = 17.0;
				LD_RUNPATH_SEARCH_PATHS = (
					"$(inherited)",
					"@executable_path/Frameworks",
					"@loader_path/Frameworks",
				);
				PRODUCT_BUNDLE_IDENTIFIER = com.copios.BlueEagleTests;
				PRODUCT_NAME = "$(TARGET_NAME)";
				SWIFT_OPTIMIZATION_LEVEL = "-Onone";
				SWIFT_VERSION = 5.0;
				TARGETED_DEVICE_FAMILY = "1,2";
				TEST_HOST = "$(BUILT_PRODUCTS_DIR)/BlueEagle.app/BlueEagle";
			};
			name = Debug;
		};
		3DE3722126F4DC8800CC1F3F /* Release */ = {
			isa = XCBuildConfiguration;
			buildSettings = {
				BUNDLE_LOADER = "$(TEST_HOST)";
				CLANG_ENABLE_MODULES = YES;
				CODE_SIGN_STYLE = Automatic;
				DEVELOPMENT_TEAM = LK4ALGF966;
				INFOPLIST_FILE = BlueEagleTests/Info.plist;
				IPHONEOS_DEPLOYMENT_TARGET = 17.0;
				LD_RUNPATH_SEARCH_PATHS = (
					"$(inherited)",
					"@executable_path/Frameworks",
					"@loader_path/Frameworks",
				);
				PRODUCT_BUNDLE_IDENTIFIER = com.copios.BlueEagleTests;
				PRODUCT_NAME = "$(TARGET_NAME)";
				SWIFT_VERSION = 5.0;
				TARGETED_DEVICE_FAMILY = "1,2";
				TEST_HOST = "$(BUILT_PRODUCTS_DIR)/BlueEagle.app/BlueEagle";
			};
			name = Release;
		};
		3DE3722326F4DC8800CC1F3F /* Debug */ = {
			isa = XCBuildConfiguration;
			buildSettings = {
				CODE_SIGN_STYLE = Automatic;
				DEVELOPMENT_TEAM = LK4ALGF966;
				INFOPLIST_FILE = BlueEagleUITests/Info.plist;
				LD_RUNPATH_SEARCH_PATHS = (
					"$(inherited)",
					"@executable_path/Frameworks",
					"@loader_path/Frameworks",
				);
				PRODUCT_BUNDLE_IDENTIFIER = com.copios.BlueEagleUITests;
				PRODUCT_NAME = "$(TARGET_NAME)";
				SWIFT_VERSION = 5.0;
				TARGETED_DEVICE_FAMILY = "1,2";
				TEST_TARGET_NAME = BlueEagle;
			};
			name = Debug;
		};
		3DE3722426F4DC8800CC1F3F /* Release */ = {
			isa = XCBuildConfiguration;
			buildSettings = {
				CODE_SIGN_STYLE = Automatic;
				DEVELOPMENT_TEAM = LK4ALGF966;
				INFOPLIST_FILE = BlueEagleUITests/Info.plist;
				LD_RUNPATH_SEARCH_PATHS = (
					"$(inherited)",
					"@executable_path/Frameworks",
					"@loader_path/Frameworks",
				);
				PRODUCT_BUNDLE_IDENTIFIER = com.copios.BlueEagleUITests;
				PRODUCT_NAME = "$(TARGET_NAME)";
				SWIFT_VERSION = 5.0;
				TARGETED_DEVICE_FAMILY = "1,2";
				TEST_TARGET_NAME = BlueEagle;
			};
			name = Release;
		};
/* End XCBuildConfiguration section */

/* Begin XCConfigurationList section */
		3DE371F226F4DC8700CC1F3F /* Build configuration list for PBXProject "BlueEagle" */ = {
			isa = XCConfigurationList;
			buildConfigurations = (
				3DE3721A26F4DC8800CC1F3F /* Debug */,
				3DE3721B26F4DC8800CC1F3F /* Release */,
			);
			defaultConfigurationIsVisible = 0;
			defaultConfigurationName = Release;
		};
		3DE3721C26F4DC8800CC1F3F /* Build configuration list for PBXNativeTarget "BlueEagle" */ = {
			isa = XCConfigurationList;
			buildConfigurations = (
				3DE3721D26F4DC8800CC1F3F /* Debug */,
				3DE3721E26F4DC8800CC1F3F /* Release */,
			);
			defaultConfigurationIsVisible = 0;
			defaultConfigurationName = Release;
		};
		3DE3721F26F4DC8800CC1F3F /* Build configuration list for PBXNativeTarget "BlueEagleTests" */ = {
			isa = XCConfigurationList;
			buildConfigurations = (
				3DE3722026F4DC8800CC1F3F /* Debug */,
				3DE3722126F4DC8800CC1F3F /* Release */,
			);
			defaultConfigurationIsVisible = 0;
			defaultConfigurationName = Release;
		};
		3DE3722226F4DC8800CC1F3F /* Build configuration list for PBXNativeTarget "BlueEagleUITests" */ = {
			isa = XCConfigurationList;
			buildConfigurations = (
				3DE3722326F4DC8800CC1F3F /* Debug */,
				3DE3722426F4DC8800CC1F3F /* Release */,
			);
			defaultConfigurationIsVisible = 0;
			defaultConfigurationName = Release;
		};
/* End XCConfigurationList section */

/* Begin XCRemoteSwiftPackageReference section */
		3DE025AD2C9AEFFC004E5BFC /* XCRemoteSwiftPackageReference "ViewInspector" */ = {
			isa = XCRemoteSwiftPackageReference;
			repositoryURL = "https://github.com/nalexn/ViewInspector";
			requirement = {
				kind = upToNextMajorVersion;
				minimumVersion = 0.10.0;
			};
		};
/* End XCRemoteSwiftPackageReference section */

/* Begin XCSwiftPackageProductDependency section */
		3DE025AE2C9AF097004E5BFC /* ViewInspector */ = {
			isa = XCSwiftPackageProductDependency;
			package = 3DE025AD2C9AEFFC004E5BFC /* XCRemoteSwiftPackageReference "ViewInspector" */;
			productName = ViewInspector;
		};
/* End XCSwiftPackageProductDependency section */
	};
	rootObject = 3DE371EF26F4DC8700CC1F3F /* Project object */;
}
